<?xml version="1.0" encoding="utf-8"?>
<Project ToolsVersion="4.0" xmlns="http://schemas.microsoft.com/developer/msbuild/2003">
  <ItemGroup>
    <Filter Include="Source Files">
      <UniqueIdentifier>{4FC737F1-C7A5-4376-A066-2A32D752A2FF}</UniqueIdentifier>
      <Extensions>cpp;c;cxx;def;odl;idl;hpj;bat;asm;asmx</Extensions>
    </Filter>
    <Filter Include="Header Files">
      <UniqueIdentifier>{93995380-89BD-4b04-88EB-625FBE52EBFB}</UniqueIdentifier>
      <Extensions>h;hpp;hxx;hm;inl;inc;xsd</Extensions>
    </Filter>
    <Filter Include="Resource Files">
      <UniqueIdentifier>{67DA6AB6-F800-4c08-8B7A-83BB121AAD01}</UniqueIdentifier>
      <Extensions>rc;ico;cur;bmp;dlg;rc2;rct;bin;rgs;gif;jpg;jpeg;jpe;resx</Extensions>
    </Filter>
  </ItemGroup>
  <ItemGroup>
    <ClCompile Include="C32DC.cpp">
      <Filter>Source Files</Filter>
    </ClCompile>
    <ClCompile Include="Clsfact.cpp">
      <Filter>Source Files</Filter>
    </ClCompile>
    <ClCompile Include="dll.cpp">
      <Filter>Source Files</Filter>
    </ClCompile>
    <ClCompile Include="iconextractor.cpp">
      <Filter>Source Files</Filter>
    </ClCompile>
    <ClCompile Include="Plugin.cpp">
      <Filter>Source Files</Filter>
    </ClCompile>
    <ClCompile Include="TlbButton.cpp">
      <Filter>Source Files</Filter>
    </ClCompile>
    <ClCompile Include="tlbtext.cpp">
      <Filter>Source Files</Filter>
    </ClCompile>
  </ItemGroup>
  <ItemGroup>
    <ClInclude Include="C32DC.h">
      <Filter>Header Files</Filter>
    </ClInclude>
    <ClInclude Include="Clsfact.h">
      <Filter>Header Files</Filter>
    </ClInclude>
    <ClInclude Include="Plugin.h">
      <Filter>Header Files</Filter>
    </ClInclude>
    <ClInclude Include="tlbpdkcore.h">
      <Filter>Header Files</Filter>
    </ClInclude>
    <ClInclude Include="tlbpdklib.h">
      <Filter>Header Files</Filter>
    </ClInclude>
    <ClInclude Include="tlbtext.h">
      <Filter>Header Files</Filter>
    </ClInclude>
  </ItemGroup>
  <ItemGroup>
    <Text Include="ReadMe.txt" />
  </ItemGroup>
</Project>